{
  "requires": true,
  "lockfileVersion": 1,
  "dependencies": {
    "moment-precise-range-plugin": {
      "version": "1.3.0",
      "resolved": "https://registry.npmjs.org/moment-precise-range-plugin/-/moment-precise-range-plugin-1.3.0.tgz",
      "integrity": "sha1-YKwHX9/RRon20QKvdR0XGoC0q2A="
    }
  }
}
